
Microsoft Visual Studio Solution File, Format Version 12.00
# Visual Studio Version 16
VisualStudioVersion = 16.0.34729.46
MinimumVisualStudioVersion = 10.0.40219.1
Project("{C9674DCB-5085-4A16-B785-4C70DD1589BD}") = "IcsIt_Test", "IcsIt_Test\IcsIt_Test.dtproj", "{35A37CA6-0722-4BA6-8AE9-9F2D88890414}"
EndProject
Global
	GlobalSection(SolutionConfigurationPlatforms) = preSolution
		Development|Default = Development|Default
	EndGlobalSection
	GlobalSection(ProjectConfigurationPlatforms) = postSolution
		{35A37CA6-0722-4BA6-8AE9-9F2D88890414}.Development|Default.ActiveCfg = Development
		{35A37CA6-0722-4BA6-8AE9-9F2D88890414}.Development|Default.Build.0 = Development
	EndGlobalSection
	GlobalSection(SolutionProperties) = preSolution
		HideSolutionNode = FALSE
	EndGlobalSection
	GlobalSection(ExtensibilityGlobals) = postSolution
		SolutionGuid = {E9512301-CDBE-4CCF-A815-59941D26FB16}
	EndGlobalSection
EndGlobal
